
Microsoft Visual Studio Solution File, Format Version 12.00
# Visual Studio Version 17
VisualStudioVersion = 17.6.33723.286
MinimumVisualStudioVersion = 10.0.40219.1
Project("{FAE04EC0-301F-11D3-BF4B-00C04F79EFBC}") = "zad62_ivansk.Android", "zad62_ivansk.Android\zad62_ivansk.Android.csproj", "{A6BA1C64-A243-4DB1-B841-57BFC159772F}"
EndProject
Project("{FAE04EC0-301F-11D3-BF4B-00C04F79EFBC}") = "zad62_ivansk", "zad62_ivansk\zad62_ivansk.csproj", "{EA7C0516-332B-4BB3-AAE8-6773B668F419}"
EndProject
Global
	GlobalSection(SolutionConfigurationPlatforms) = preSolution
		Debug|Any CPU = Debug|Any CPU
		Release|Any CPU = Release|Any CPU
	EndGlobalSection
	GlobalSection(ProjectConfigurationPlatforms) = postSolution
		{A6BA1C64-A243-4DB1-B841-57BFC159772F}.Debug|Any CPU.ActiveCfg = Debug|Any CPU
		{A6BA1C64-A243-4DB1-B841-57BFC159772F}.Debug|Any CPU.Build.0 = Debug|Any CPU
		{A6BA1C64-A243-4DB1-B841-57BFC159772F}.Debug|Any CPU.Deploy.0 = Debug|Any CPU
		{A6BA1C64-A243-4DB1-B841-57BFC159772F}.Release|Any CPU.ActiveCfg = Release|Any CPU
		{A6BA1C64-A243-4DB1-B841-57BFC159772F}.Release|Any CPU.Build.0 = Release|Any CPU
		{A6BA1C64-A243-4DB1-B841-57BFC159772F}.Release|Any CPU.Deploy.0 = Release|Any CPU
		{EA7C0516-332B-4BB3-AAE8-6773B668F419}.Debug|Any CPU.ActiveCfg = Debug|Any CPU
		{EA7C0516-332B-4BB3-AAE8-6773B668F419}.Debug|Any CPU.Build.0 = Debug|Any CPU
		{EA7C0516-332B-4BB3-AAE8-6773B668F419}.Debug|Any CPU.Deploy.0 = Debug|Any CPU
		{EA7C0516-332B-4BB3-AAE8-6773B668F419}.Release|Any CPU.ActiveCfg = Release|Any CPU
		{EA7C0516-332B-4BB3-AAE8-6773B668F419}.Release|Any CPU.Build.0 = Release|Any CPU
		{EA7C0516-332B-4BB3-AAE8-6773B668F419}.Release|Any CPU.Deploy.0 = Release|Any CPU
	EndGlobalSection
	GlobalSection(SolutionProperties) = preSolution
		HideSolutionNode = FALSE
	EndGlobalSection
	GlobalSection(ExtensibilityGlobals) = postSolution
		SolutionGuid = {69A7413F-AE4E-4782-96E9-BC430D552DB8}
	EndGlobalSection
EndGlobal
